
Microsoft Visual Studio Solution File, Format Version 12.00
# Visual Studio Version 17
VisualStudioVersion = 17.12.35514.174
MinimumVisualStudioVersion = 10.0.40219.1
Project("{FAE04EC0-301F-11D3-BF4B-00C04F79EFBC}") = "ProductManagement", "ProductManagement.csproj", "{B55109DE-1759-4956-BC7E-1FC23568B3CC}"
EndProject
Project("{FAE04EC0-301F-11D3-BF4B-00C04F79EFBC}") = "ProductManagement.Data", "..\ProductManagement.Data\ProductManagement.Data.csproj", "{B2F0394D-DC21-4A10-AE31-2A4B539ABFC4}"
EndProject
Project("{FAE04EC0-301F-11D3-BF4B-00C04F79EFBC}") = "ProductManagement.Provider", "..\ProductManagement.Provider\ProductManagement.Provider.csproj", "{74D830E5-FBDC-44AB-B920-DBBAF2CD86FC}"
EndProject
Project("{FAE04EC0-301F-11D3-BF4B-00C04F79EFBC}") = "ProductManagement.Model", "..\ProductManagement.Model\ProductManagement.Model.csproj", "{7BE40369-345E-4E07-949F-5869E15B1338}"
EndProject
Project("{FAE04EC0-301F-11D3-BF4B-00C04F79EFBC}") = "ProductManagement.Business", "..\ProductManagement.Business\ProductManagement.Business.csproj", "{4FEB5839-F5B9-498C-B008-43783D1CCD12}"
EndProject
Global
	GlobalSection(SolutionConfigurationPlatforms) = preSolution
		Debug|Any CPU = Debug|Any CPU
		Release|Any CPU = Release|Any CPU
	EndGlobalSection
	GlobalSection(ProjectConfigurationPlatforms) = postSolution
		{B55109DE-1759-4956-BC7E-1FC23568B3CC}.Debug|Any CPU.ActiveCfg = Debug|Any CPU
		{B55109DE-1759-4956-BC7E-1FC23568B3CC}.Debug|Any CPU.Build.0 = Debug|Any CPU
		{B55109DE-1759-4956-BC7E-1FC23568B3CC}.Release|Any CPU.ActiveCfg = Release|Any CPU
		{B55109DE-1759-4956-BC7E-1FC23568B3CC}.Release|Any CPU.Build.0 = Release|Any CPU
		{B2F0394D-DC21-4A10-AE31-2A4B539ABFC4}.Debug|Any CPU.ActiveCfg = Debug|Any CPU
		{B2F0394D-DC21-4A10-AE31-2A4B539ABFC4}.Debug|Any CPU.Build.0 = Debug|Any CPU
		{B2F0394D-DC21-4A10-AE31-2A4B539ABFC4}.Release|Any CPU.ActiveCfg = Release|Any CPU
		{B2F0394D-DC21-4A10-AE31-2A4B539ABFC4}.Release|Any CPU.Build.0 = Release|Any CPU
		{74D830E5-FBDC-44AB-B920-DBBAF2CD86FC}.Debug|Any CPU.ActiveCfg = Debug|Any CPU
		{74D830E5-FBDC-44AB-B920-DBBAF2CD86FC}.Debug|Any CPU.Build.0 = Debug|Any CPU
		{74D830E5-FBDC-44AB-B920-DBBAF2CD86FC}.Release|Any CPU.ActiveCfg = Release|Any CPU
		{74D830E5-FBDC-44AB-B920-DBBAF2CD86FC}.Release|Any CPU.Build.0 = Release|Any CPU
		{7BE40369-345E-4E07-949F-5869E15B1338}.Debug|Any CPU.ActiveCfg = Debug|Any CPU
		{7BE40369-345E-4E07-949F-5869E15B1338}.Debug|Any CPU.Build.0 = Debug|Any CPU
		{7BE40369-345E-4E07-949F-5869E15B1338}.Release|Any CPU.ActiveCfg = Release|Any CPU
		{7BE40369-345E-4E07-949F-5869E15B1338}.Release|Any CPU.Build.0 = Release|Any CPU
		{4FEB5839-F5B9-498C-B008-43783D1CCD12}.Debug|Any CPU.ActiveCfg = Debug|Any CPU
		{4FEB5839-F5B9-498C-B008-43783D1CCD12}.Debug|Any CPU.Build.0 = Debug|Any CPU
		{4FEB5839-F5B9-498C-B008-43783D1CCD12}.Release|Any CPU.ActiveCfg = Release|Any CPU
		{4FEB5839-F5B9-498C-B008-43783D1CCD12}.Release|Any CPU.Build.0 = Release|Any CPU
	EndGlobalSection
	GlobalSection(SolutionProperties) = preSolution
		HideSolutionNode = FALSE
	EndGlobalSection
EndGlobal
